
Microsoft Visual Studio Solution File, Format Version 12.00
# Visual Studio Version 17
VisualStudioVersion = 17.0.31903.59
MinimumVisualStudioVersion = 10.0.40219.1
Project("{2150E333-8FDC-42A3-9474-1A3956D46DE8}") = "src", "src", "{1257132C-732B-4D2B-B426-D2802EF4A17D}"
EndProject
Project("{2150E333-8FDC-42A3-9474-1A3956D46DE8}") = "Customers", "Customers", "{B12349F2-B22F-42AB-972A-D7D2D2D98A14}"
EndProject
Project("{FAE04EC0-301F-11D3-BF4B-00C04F79EFBC}") = "Devsu.Customers.Api", "src\Customers\Devsu.Customers.Api\Devsu.Customers.Api.csproj", "{1BCF82DB-A947-4AD3-A248-488DE739AEE1}"
EndProject
Project("{FAE04EC0-301F-11D3-BF4B-00C04F79EFBC}") = "Devsu.Customers.Application", "src\Customers\Devsu.Customers.Application\Devsu.Customers.Application.csproj", "{D75E5032-20FE-4F53-A7D6-8819CF271E06}"
EndProject
Project("{FAE04EC0-301F-11D3-BF4B-00C04F79EFBC}") = "Devsu.Customers.Domain", "src\Customers\Devsu.Customers.Domain\Devsu.Customers.Domain.csproj", "{B0712B10-2F31-4DA3-9DFC-BBD67CCD51CF}"
EndProject
Project("{FAE04EC0-301F-11D3-BF4B-00C04F79EFBC}") = "Devsu.Customers.Infrastructure", "src\Customers\Devsu.Customers.Infrastructure\Devsu.Customers.Infrastructure.csproj", "{35622F36-3F22-4AF9-B071-FD96E5CEC5AE}"
EndProject
Project("{2150E333-8FDC-42A3-9474-1A3956D46DE8}") = "Accounts", "Accounts", "{C448F43E-D408-44A0-8745-8CC2B5D6D18F}"
EndProject
Project("{FAE04EC0-301F-11D3-BF4B-00C04F79EFBC}") = "Devsu.Accounts.Api", "src\Accounts\Devsu.Accounts.Api\Devsu.Accounts.Api.csproj", "{97894ADA-8180-489B-844B-3317C7E242ED}"
EndProject
Project("{FAE04EC0-301F-11D3-BF4B-00C04F79EFBC}") = "Devsu.Accounts.Application", "src\Accounts\Devsu.Accounts.Application\Devsu.Accounts.Application.csproj", "{A0117801-269F-4AAE-BEEF-D432D3DA2CE2}"
EndProject
Project("{FAE04EC0-301F-11D3-BF4B-00C04F79EFBC}") = "Devsu.Accounts.Domain", "src\Accounts\Devsu.Accounts.Domain\Devsu.Accounts.Domain.csproj", "{9EA880CB-4584-415C-BF05-8A6B796205B6}"
EndProject
Project("{FAE04EC0-301F-11D3-BF4B-00C04F79EFBC}") = "Devsu.Accounts.Infrastructure", "src\Accounts\Devsu.Accounts.Infrastructure\Devsu.Accounts.Infrastructure.csproj", "{8A3F1E4A-B374-4915-9AFC-22A414705161}"
EndProject
Project("{2150E333-8FDC-42A3-9474-1A3956D46DE8}") = "tests", "tests", "{B993DBFA-6058-497B-9F79-44E63F15E529}"
EndProject
Project("{FAE04EC0-301F-11D3-BF4B-00C04F79EFBC}") = "Devsu.Customers.UnitTests", "tests\Devsu.Customers.UnitTests\Devsu.Customers.UnitTests.csproj", "{22ED417A-2F6F-4A7B-A825-D32D0813B369}"
EndProject
Project("{FAE04EC0-301F-11D3-BF4B-00C04F79EFBC}") = "Devsu.Accounts.UnitTests", "tests\Devsu.Accounts.UnitTests\Devsu.Accounts.UnitTests.csproj", "{CBB97527-6036-4ACF-BF6C-11BA45FE71EF}"
EndProject
Project("{FAE04EC0-301F-11D3-BF4B-00C04F79EFBC}") = "Devsu.IntegrationTests", "tests\Devsu.IntegrationTests\Devsu.IntegrationTests.csproj", "{8D50E72D-7254-4E04-AA32-CB520DBFBEFF}"
EndProject
Global
	GlobalSection(SolutionConfigurationPlatforms) = preSolution
		Debug|Any CPU = Debug|Any CPU
		Release|Any CPU = Release|Any CPU
	EndGlobalSection
	GlobalSection(SolutionProperties) = preSolution
		HideSolutionNode = FALSE
	EndGlobalSection
	GlobalSection(ProjectConfigurationPlatforms) = postSolution
		{1BCF82DB-A947-4AD3-A248-488DE739AEE1}.Debug|Any CPU.ActiveCfg = Debug|Any CPU
		{1BCF82DB-A947-4AD3-A248-488DE739AEE1}.Debug|Any CPU.Build.0 = Debug|Any CPU
		{1BCF82DB-A947-4AD3-A248-488DE739AEE1}.Release|Any CPU.ActiveCfg = Release|Any CPU
		{1BCF82DB-A947-4AD3-A248-488DE739AEE1}.Release|Any CPU.Build.0 = Release|Any CPU
		{D75E5032-20FE-4F53-A7D6-8819CF271E06}.Debug|Any CPU.ActiveCfg = Debug|Any CPU
		{D75E5032-20FE-4F53-A7D6-8819CF271E06}.Debug|Any CPU.Build.0 = Debug|Any CPU
		{D75E5032-20FE-4F53-A7D6-8819CF271E06}.Release|Any CPU.ActiveCfg = Release|Any CPU
		{D75E5032-20FE-4F53-A7D6-8819CF271E06}.Release|Any CPU.Build.0 = Release|Any CPU
		{B0712B10-2F31-4DA3-9DFC-BBD67CCD51CF}.Debug|Any CPU.ActiveCfg = Debug|Any CPU
		{B0712B10-2F31-4DA3-9DFC-BBD67CCD51CF}.Debug|Any CPU.Build.0 = Debug|Any CPU
		{B0712B10-2F31-4DA3-9DFC-BBD67CCD51CF}.Release|Any CPU.ActiveCfg = Release|Any CPU
		{B0712B10-2F31-4DA3-9DFC-BBD67CCD51CF}.Release|Any CPU.Build.0 = Release|Any CPU
		{35622F36-3F22-4AF9-B071-FD96E5CEC5AE}.Debug|Any CPU.ActiveCfg = Debug|Any CPU
		{35622F36-3F22-4AF9-B071-FD96E5CEC5AE}.Debug|Any CPU.Build.0 = Debug|Any CPU
		{35622F36-3F22-4AF9-B071-FD96E5CEC5AE}.Release|Any CPU.ActiveCfg = Release|Any CPU
		{35622F36-3F22-4AF9-B071-FD96E5CEC5AE}.Release|Any CPU.Build.0 = Release|Any CPU
		{97894ADA-8180-489B-844B-3317C7E242ED}.Debug|Any CPU.ActiveCfg = Debug|Any CPU
		{97894ADA-8180-489B-844B-3317C7E242ED}.Debug|Any CPU.Build.0 = Debug|Any CPU
		{97894ADA-8180-489B-844B-3317C7E242ED}.Release|Any CPU.ActiveCfg = Release|Any CPU
		{97894ADA-8180-489B-844B-3317C7E242ED}.Release|Any CPU.Build.0 = Release|Any CPU
		{A0117801-269F-4AAE-BEEF-D432D3DA2CE2}.Debug|Any CPU.ActiveCfg = Debug|Any CPU
		{A0117801-269F-4AAE-BEEF-D432D3DA2CE2}.Debug|Any CPU.Build.0 = Debug|Any CPU
		{A0117801-269F-4AAE-BEEF-D432D3DA2CE2}.Release|Any CPU.ActiveCfg = Release|Any CPU
		{A0117801-269F-4AAE-BEEF-D432D3DA2CE2}.Release|Any CPU.Build.0 = Release|Any CPU
		{9EA880CB-4584-415C-BF05-8A6B796205B6}.Debug|Any CPU.ActiveCfg = Debug|Any CPU
		{9EA880CB-4584-415C-BF05-8A6B796205B6}.Debug|Any CPU.Build.0 = Debug|Any CPU
		{9EA880CB-4584-415C-BF05-8A6B796205B6}.Release|Any CPU.ActiveCfg = Release|Any CPU
		{9EA880CB-4584-415C-BF05-8A6B796205B6}.Release|Any CPU.Build.0 = Release|Any CPU
		{8A3F1E4A-B374-4915-9AFC-22A414705161}.Debug|Any CPU.ActiveCfg = Debug|Any CPU
		{8A3F1E4A-B374-4915-9AFC-22A414705161}.Debug|Any CPU.Build.0 = Debug|Any CPU
		{8A3F1E4A-B374-4915-9AFC-22A414705161}.Release|Any CPU.ActiveCfg = Release|Any CPU
		{8A3F1E4A-B374-4915-9AFC-22A414705161}.Release|Any CPU.Build.0 = Release|Any CPU
		{22ED417A-2F6F-4A7B-A825-D32D0813B369}.Debug|Any CPU.ActiveCfg = Debug|Any CPU
		{22ED417A-2F6F-4A7B-A825-D32D0813B369}.Debug|Any CPU.Build.0 = Debug|Any CPU
		{22ED417A-2F6F-4A7B-A825-D32D0813B369}.Release|Any CPU.ActiveCfg = Release|Any CPU
		{22ED417A-2F6F-4A7B-A825-D32D0813B369}.Release|Any CPU.Build.0 = Release|Any CPU
		{CBB97527-6036-4ACF-BF6C-11BA45FE71EF}.Debug|Any CPU.ActiveCfg = Debug|Any CPU
		{CBB97527-6036-4ACF-BF6C-11BA45FE71EF}.Debug|Any CPU.Build.0 = Debug|Any CPU
		{CBB97527-6036-4ACF-BF6C-11BA45FE71EF}.Release|Any CPU.ActiveCfg = Release|Any CPU
		{CBB97527-6036-4ACF-BF6C-11BA45FE71EF}.Release|Any CPU.Build.0 = Release|Any CPU
		{8D50E72D-7254-4E04-AA32-CB520DBFBEFF}.Debug|Any CPU.ActiveCfg = Debug|Any CPU
		{8D50E72D-7254-4E04-AA32-CB520DBFBEFF}.Debug|Any CPU.Build.0 = Debug|Any CPU
		{8D50E72D-7254-4E04-AA32-CB520DBFBEFF}.Release|Any CPU.ActiveCfg = Release|Any CPU
		{8D50E72D-7254-4E04-AA32-CB520DBFBEFF}.Release|Any CPU.Build.0 = Release|Any CPU
	EndGlobalSection
	GlobalSection(NestedProjects) = preSolution
		{B12349F2-B22F-42AB-972A-D7D2D2D98A14} = {1257132C-732B-4D2B-B426-D2802EF4A17D}
		{1BCF82DB-A947-4AD3-A248-488DE739AEE1} = {B12349F2-B22F-42AB-972A-D7D2D2D98A14}
		{D75E5032-20FE-4F53-A7D6-8819CF271E06} = {B12349F2-B22F-42AB-972A-D7D2D2D98A14}
		{B0712B10-2F31-4DA3-9DFC-BBD67CCD51CF} = {B12349F2-B22F-42AB-972A-D7D2D2D98A14}
		{35622F36-3F22-4AF9-B071-FD96E5CEC5AE} = {B12349F2-B22F-42AB-972A-D7D2D2D98A14}
		{C448F43E-D408-44A0-8745-8CC2B5D6D18F} = {1257132C-732B-4D2B-B426-D2802EF4A17D}
		{97894ADA-8180-489B-844B-3317C7E242ED} = {C448F43E-D408-44A0-8745-8CC2B5D6D18F}
		{A0117801-269F-4AAE-BEEF-D432D3DA2CE2} = {C448F43E-D408-44A0-8745-8CC2B5D6D18F}
		{9EA880CB-4584-415C-BF05-8A6B796205B6} = {C448F43E-D408-44A0-8745-8CC2B5D6D18F}
		{8A3F1E4A-B374-4915-9AFC-22A414705161} = {C448F43E-D408-44A0-8745-8CC2B5D6D18F}
		{22ED417A-2F6F-4A7B-A825-D32D0813B369} = {B993DBFA-6058-497B-9F79-44E63F15E529}
		{CBB97527-6036-4ACF-BF6C-11BA45FE71EF} = {B993DBFA-6058-497B-9F79-44E63F15E529}
		{8D50E72D-7254-4E04-AA32-CB520DBFBEFF} = {B993DBFA-6058-497B-9F79-44E63F15E529}
	EndGlobalSection
EndGlobal
